
Microsoft Visual Studio Solution File, Format Version 12.00
# Visual Studio Version 17
VisualStudioVersion = 17.9.34701.34
MinimumVisualStudioVersion = 10.0.40219.1
Project("{9A19103F-16F7-4668-BE54-9A1E7A4F7556}") = "DataTypesAndOperators", "..\DataTypesAndOperators\DataTypesAndOperators.csproj", "{375E0988-F2AE-402B-9040-6941D438DBA6}"
EndProject
Project("{9A19103F-16F7-4668-BE54-9A1E7A4F7556}") = "VarAndDynamic", "..\VarAndDynamic\VarAndDynamic.csproj", "{E0A3199A-2F94-4F3C-94C0-BDE2AC205C11}"
EndProject
Project("{9A19103F-16F7-4668-BE54-9A1E7A4F7556}") = "enums", "..\enums\enums.csproj", "{9A065890-DF6C-4D9F-A1F0-9D4A2380DEF5}"
EndProject
Project("{9A19103F-16F7-4668-BE54-9A1E7A4F7556}") = "BoxingUnboxing", "..\BoxingUnboxing\BoxingUnboxing.csproj", "{3B24F2F7-B697-424E-855C-25CFFCE71772}"
EndProject
Project("{9A19103F-16F7-4668-BE54-9A1E7A4F7556}") = "operatorsPractice", "..\operatorsPractice\operatorsPractice.csproj", "{EF5F16A0-96E6-44C5-BBBC-66DD61F28B66}"
EndProject
Project("{9A19103F-16F7-4668-BE54-9A1E7A4F7556}") = "TypeCastingandTypeConversion", "..\TypeCastingandTypeConversion\TypeCastingandTypeConversion.csproj", "{89478B53-9EF4-4AC8-888C-B67025A34E60}"
EndProject
Project("{9A19103F-16F7-4668-BE54-9A1E7A4F7556}") = "Pointer", "..\Pointer\Pointer.csproj", "{7C880C25-0643-4DAA-9774-A5AD91513968}"
EndProject
Project("{9A19103F-16F7-4668-BE54-9A1E7A4F7556}") = "strings", "..\strings\strings.csproj", "{2FB663E2-86DA-4841-8718-ACB5A0B7D25A}"
EndProject
Project("{9A19103F-16F7-4668-BE54-9A1E7A4F7556}") = "Arrays", "..\Arrays\Arrays.csproj", "{2B9C923D-7E66-4AD8-BA51-9B4B8D0673DD}"
EndProject
Project("{9A19103F-16F7-4668-BE54-9A1E7A4F7556}") = "Functions(Methods)", "Functions(Methods)\Functions(Methods).csproj", "{DAC8E25A-58E0-4B1E-867C-3B31BE54C25E}"
EndProject
Project("{9A19103F-16F7-4668-BE54-9A1E7A4F7556}") = "MethodOverloading", "MethodOverloading\MethodOverloading.csproj", "{34D074AE-9070-4DAD-BB45-DF64829F2B38}"
EndProject
Project("{9A19103F-16F7-4668-BE54-9A1E7A4F7556}") = "methodOverriding", "methodOverriding\methodOverriding.csproj", "{C608C40B-1655-4F02-BEBA-B34C4A5CFE04}"
EndProject
Project("{9A19103F-16F7-4668-BE54-9A1E7A4F7556}") = "ClassObject", "ClassObject\ClassObject.csproj", "{816F1C76-FC11-4A3D-AEFD-464268A27052}"
EndProject
Project("{9A19103F-16F7-4668-BE54-9A1E7A4F7556}") = "ArraysPractice", "ArraysPractice\ArraysPractice.csproj", "{D851A503-8508-42BD-B5C7-F62ABAD996BA}"
EndProject
Project("{9A19103F-16F7-4668-BE54-9A1E7A4F7556}") = "ConstructorChaining", "ConstructorChaining\ConstructorChaining.csproj", "{49AB02DD-8B38-4386-96B4-38678177AA7B}"
EndProject
Project("{9A19103F-16F7-4668-BE54-9A1E7A4F7556}") = "CopyConstructor", "CopyConstructor\CopyConstructor.csproj", "{06D51028-C069-4B63-88B0-C15AB7DD10D5}"
EndProject
Project("{9A19103F-16F7-4668-BE54-9A1E7A4F7556}") = "destructor", "destructor\destructor.csproj", "{3CAB27EE-99CA-4FCC-B94D-40649B90BEBF}"
EndProject
Project("{9A19103F-16F7-4668-BE54-9A1E7A4F7556}") = "StaticClass", "properties\StaticClass.csproj", "{AA744F6E-9281-4D83-B8B4-A2CFED400630}"
EndProject
Project("{9A19103F-16F7-4668-BE54-9A1E7A4F7556}") = "PropertiesPractice", "PropertiesPractice\PropertiesPractice.csproj", "{2AC98D74-C7CD-4CB3-8EE0-971635FE64C0}"
EndProject
Project("{9A19103F-16F7-4668-BE54-9A1E7A4F7556}") = "Practice_22-03-2024", "Practice_22-03-2024\Practice_22-03-2024.csproj", "{88EC16F1-8195-4171-B662-1F364FD31107}"
EndProject
Project("{9A19103F-16F7-4668-BE54-9A1E7A4F7556}") = "NullableType", "NullableType\NullableType.csproj", "{369BBF43-E05E-4F84-85E3-D345F1664400}"
EndProject
Project("{9A19103F-16F7-4668-BE54-9A1E7A4F7556}") = "Indexers", "Indexers\Indexers.csproj", "{F7156950-2743-40FF-8A8D-77497946B3FD}"
EndProject
Project("{9A19103F-16F7-4668-BE54-9A1E7A4F7556}") = "Inheritance", "Inheritance\Inheritance.csproj", "{EFE48841-A2EE-4BC9-B83B-ED652A71E264}"
EndProject
Project("{FAE04EC0-301F-11D3-BF4B-00C04F79EFBC}") = "IS-ARelationship", "IS-ARelationship\IS-ARelationship.csproj", "{401308EA-90A6-477C-BFE4-3515183C099C}"
EndProject
Project("{FAE04EC0-301F-11D3-BF4B-00C04F79EFBC}") = "Has-ARelationship", "Has-ARelationship\Has-ARelationship.csproj", "{E5501A2A-9685-4783-BF73-9CEC03DE6538}"
EndProject
Global
	GlobalSection(SolutionConfigurationPlatforms) = preSolution
		Debug|Any CPU = Debug|Any CPU
		Release|Any CPU = Release|Any CPU
	EndGlobalSection
	GlobalSection(ProjectConfigurationPlatforms) = postSolution
		{375E0988-F2AE-402B-9040-6941D438DBA6}.Debug|Any CPU.ActiveCfg = Debug|Any CPU
		{375E0988-F2AE-402B-9040-6941D438DBA6}.Debug|Any CPU.Build.0 = Debug|Any CPU
		{375E0988-F2AE-402B-9040-6941D438DBA6}.Release|Any CPU.ActiveCfg = Release|Any CPU
		{375E0988-F2AE-402B-9040-6941D438DBA6}.Release|Any CPU.Build.0 = Release|Any CPU
		{E0A3199A-2F94-4F3C-94C0-BDE2AC205C11}.Debug|Any CPU.ActiveCfg = Debug|Any CPU
		{E0A3199A-2F94-4F3C-94C0-BDE2AC205C11}.Debug|Any CPU.Build.0 = Debug|Any CPU
		{E0A3199A-2F94-4F3C-94C0-BDE2AC205C11}.Release|Any CPU.ActiveCfg = Release|Any CPU
		{E0A3199A-2F94-4F3C-94C0-BDE2AC205C11}.Release|Any CPU.Build.0 = Release|Any CPU
		{9A065890-DF6C-4D9F-A1F0-9D4A2380DEF5}.Debug|Any CPU.ActiveCfg = Debug|Any CPU
		{9A065890-DF6C-4D9F-A1F0-9D4A2380DEF5}.Debug|Any CPU.Build.0 = Debug|Any CPU
		{9A065890-DF6C-4D9F-A1F0-9D4A2380DEF5}.Release|Any CPU.ActiveCfg = Release|Any CPU
		{9A065890-DF6C-4D9F-A1F0-9D4A2380DEF5}.Release|Any CPU.Build.0 = Release|Any CPU
		{3B24F2F7-B697-424E-855C-25CFFCE71772}.Debug|Any CPU.ActiveCfg = Debug|Any CPU
		{3B24F2F7-B697-424E-855C-25CFFCE71772}.Debug|Any CPU.Build.0 = Debug|Any CPU
		{3B24F2F7-B697-424E-855C-25CFFCE71772}.Release|Any CPU.ActiveCfg = Release|Any CPU
		{3B24F2F7-B697-424E-855C-25CFFCE71772}.Release|Any CPU.Build.0 = Release|Any CPU
		{EF5F16A0-96E6-44C5-BBBC-66DD61F28B66}.Debug|Any CPU.ActiveCfg = Debug|Any CPU
		{EF5F16A0-96E6-44C5-BBBC-66DD61F28B66}.Debug|Any CPU.Build.0 = Debug|Any CPU
		{EF5F16A0-96E6-44C5-BBBC-66DD61F28B66}.Release|Any CPU.ActiveCfg = Release|Any CPU
		{EF5F16A0-96E6-44C5-BBBC-66DD61F28B66}.Release|Any CPU.Build.0 = Release|Any CPU
		{89478B53-9EF4-4AC8-888C-B67025A34E60}.Debug|Any CPU.ActiveCfg = Debug|Any CPU
		{89478B53-9EF4-4AC8-888C-B67025A34E60}.Debug|Any CPU.Build.0 = Debug|Any CPU
		{89478B53-9EF4-4AC8-888C-B67025A34E60}.Release|Any CPU.ActiveCfg = Release|Any CPU
		{89478B53-9EF4-4AC8-888C-B67025A34E60}.Release|Any CPU.Build.0 = Release|Any CPU
		{7C880C25-0643-4DAA-9774-A5AD91513968}.Debug|Any CPU.ActiveCfg = Debug|Any CPU
		{7C880C25-0643-4DAA-9774-A5AD91513968}.Debug|Any CPU.Build.0 = Debug|Any CPU
		{7C880C25-0643-4DAA-9774-A5AD91513968}.Release|Any CPU.ActiveCfg = Release|Any CPU
		{7C880C25-0643-4DAA-9774-A5AD91513968}.Release|Any CPU.Build.0 = Release|Any CPU
		{2FB663E2-86DA-4841-8718-ACB5A0B7D25A}.Debug|Any CPU.ActiveCfg = Debug|Any CPU
		{2FB663E2-86DA-4841-8718-ACB5A0B7D25A}.Debug|Any CPU.Build.0 = Debug|Any CPU
		{2FB663E2-86DA-4841-8718-ACB5A0B7D25A}.Release|Any CPU.ActiveCfg = Release|Any CPU
		{2FB663E2-86DA-4841-8718-ACB5A0B7D25A}.Release|Any CPU.Build.0 = Release|Any CPU
		{2B9C923D-7E66-4AD8-BA51-9B4B8D0673DD}.Debug|Any CPU.ActiveCfg = Debug|Any CPU
		{2B9C923D-7E66-4AD8-BA51-9B4B8D0673DD}.Debug|Any CPU.Build.0 = Debug|Any CPU
		{2B9C923D-7E66-4AD8-BA51-9B4B8D0673DD}.Release|Any CPU.ActiveCfg = Release|Any CPU
		{2B9C923D-7E66-4AD8-BA51-9B4B8D0673DD}.Release|Any CPU.Build.0 = Release|Any CPU
		{DAC8E25A-58E0-4B1E-867C-3B31BE54C25E}.Debug|Any CPU.ActiveCfg = Debug|Any CPU
		{DAC8E25A-58E0-4B1E-867C-3B31BE54C25E}.Debug|Any CPU.Build.0 = Debug|Any CPU
		{DAC8E25A-58E0-4B1E-867C-3B31BE54C25E}.Release|Any CPU.ActiveCfg = Release|Any CPU
		{DAC8E25A-58E0-4B1E-867C-3B31BE54C25E}.Release|Any CPU.Build.0 = Release|Any CPU
		{34D074AE-9070-4DAD-BB45-DF64829F2B38}.Debug|Any CPU.ActiveCfg = Debug|Any CPU
		{34D074AE-9070-4DAD-BB45-DF64829F2B38}.Debug|Any CPU.Build.0 = Debug|Any CPU
		{34D074AE-9070-4DAD-BB45-DF64829F2B38}.Release|Any CPU.ActiveCfg = Release|Any CPU
		{34D074AE-9070-4DAD-BB45-DF64829F2B38}.Release|Any CPU.Build.0 = Release|Any CPU
		{C608C40B-1655-4F02-BEBA-B34C4A5CFE04}.Debug|Any CPU.ActiveCfg = Debug|Any CPU
		{C608C40B-1655-4F02-BEBA-B34C4A5CFE04}.Debug|Any CPU.Build.0 = Debug|Any CPU
		{C608C40B-1655-4F02-BEBA-B34C4A5CFE04}.Release|Any CPU.ActiveCfg = Release|Any CPU
		{C608C40B-1655-4F02-BEBA-B34C4A5CFE04}.Release|Any CPU.Build.0 = Release|Any CPU
		{816F1C76-FC11-4A3D-AEFD-464268A27052}.Debug|Any CPU.ActiveCfg = Debug|Any CPU
		{816F1C76-FC11-4A3D-AEFD-464268A27052}.Debug|Any CPU.Build.0 = Debug|Any CPU
		{816F1C76-FC11-4A3D-AEFD-464268A27052}.Release|Any CPU.ActiveCfg = Release|Any CPU
		{816F1C76-FC11-4A3D-AEFD-464268A27052}.Release|Any CPU.Build.0 = Release|Any CPU
		{D851A503-8508-42BD-B5C7-F62ABAD996BA}.Debug|Any CPU.ActiveCfg = Debug|Any CPU
		{D851A503-8508-42BD-B5C7-F62ABAD996BA}.Debug|Any CPU.Build.0 = Debug|Any CPU
		{D851A503-8508-42BD-B5C7-F62ABAD996BA}.Release|Any CPU.ActiveCfg = Release|Any CPU
		{D851A503-8508-42BD-B5C7-F62ABAD996BA}.Release|Any CPU.Build.0 = Release|Any CPU
		{49AB02DD-8B38-4386-96B4-38678177AA7B}.Debug|Any CPU.ActiveCfg = Debug|Any CPU
		{49AB02DD-8B38-4386-96B4-38678177AA7B}.Debug|Any CPU.Build.0 = Debug|Any CPU
		{49AB02DD-8B38-4386-96B4-38678177AA7B}.Release|Any CPU.ActiveCfg = Release|Any CPU
		{49AB02DD-8B38-4386-96B4-38678177AA7B}.Release|Any CPU.Build.0 = Release|Any CPU
		{06D51028-C069-4B63-88B0-C15AB7DD10D5}.Debug|Any CPU.ActiveCfg = Debug|Any CPU
		{06D51028-C069-4B63-88B0-C15AB7DD10D5}.Debug|Any CPU.Build.0 = Debug|Any CPU
		{06D51028-C069-4B63-88B0-C15AB7DD10D5}.Release|Any CPU.ActiveCfg = Release|Any CPU
		{06D51028-C069-4B63-88B0-C15AB7DD10D5}.Release|Any CPU.Build.0 = Release|Any CPU
		{3CAB27EE-99CA-4FCC-B94D-40649B90BEBF}.Debug|Any CPU.ActiveCfg = Debug|Any CPU
		{3CAB27EE-99CA-4FCC-B94D-40649B90BEBF}.Debug|Any CPU.Build.0 = Debug|Any CPU
		{3CAB27EE-99CA-4FCC-B94D-40649B90BEBF}.Release|Any CPU.ActiveCfg = Release|Any CPU
		{3CAB27EE-99CA-4FCC-B94D-40649B90BEBF}.Release|Any CPU.Build.0 = Release|Any CPU
		{AA744F6E-9281-4D83-B8B4-A2CFED400630}.Debug|Any CPU.ActiveCfg = Debug|Any CPU
		{AA744F6E-9281-4D83-B8B4-A2CFED400630}.Debug|Any CPU.Build.0 = Debug|Any CPU
		{AA744F6E-9281-4D83-B8B4-A2CFED400630}.Release|Any CPU.ActiveCfg = Release|Any CPU
		{AA744F6E-9281-4D83-B8B4-A2CFED400630}.Release|Any CPU.Build.0 = Release|Any CPU
		{2AC98D74-C7CD-4CB3-8EE0-971635FE64C0}.Debug|Any CPU.ActiveCfg = Debug|Any CPU
		{2AC98D74-C7CD-4CB3-8EE0-971635FE64C0}.Debug|Any CPU.Build.0 = Debug|Any CPU
		{2AC98D74-C7CD-4CB3-8EE0-971635FE64C0}.Release|Any CPU.ActiveCfg = Release|Any CPU
		{2AC98D74-C7CD-4CB3-8EE0-971635FE64C0}.Release|Any CPU.Build.0 = Release|Any CPU
		{88EC16F1-8195-4171-B662-1F364FD31107}.Debug|Any CPU.ActiveCfg = Debug|Any CPU
		{88EC16F1-8195-4171-B662-1F364FD31107}.Debug|Any CPU.Build.0 = Debug|Any CPU
		{88EC16F1-8195-4171-B662-1F364FD31107}.Release|Any CPU.ActiveCfg = Release|Any CPU
		{88EC16F1-8195-4171-B662-1F364FD31107}.Release|Any CPU.Build.0 = Release|Any CPU
		{369BBF43-E05E-4F84-85E3-D345F1664400}.Debug|Any CPU.ActiveCfg = Debug|Any CPU
		{369BBF43-E05E-4F84-85E3-D345F1664400}.Debug|Any CPU.Build.0 = Debug|Any CPU
		{369BBF43-E05E-4F84-85E3-D345F1664400}.Release|Any CPU.ActiveCfg = Release|Any CPU
		{369BBF43-E05E-4F84-85E3-D345F1664400}.Release|Any CPU.Build.0 = Release|Any CPU
		{F7156950-2743-40FF-8A8D-77497946B3FD}.Debug|Any CPU.ActiveCfg = Debug|Any CPU
		{F7156950-2743-40FF-8A8D-77497946B3FD}.Debug|Any CPU.Build.0 = Debug|Any CPU
		{F7156950-2743-40FF-8A8D-77497946B3FD}.Release|Any CPU.ActiveCfg = Release|Any CPU
		{F7156950-2743-40FF-8A8D-77497946B3FD}.Release|Any CPU.Build.0 = Release|Any CPU
		{EFE48841-A2EE-4BC9-B83B-ED652A71E264}.Debug|Any CPU.ActiveCfg = Debug|Any CPU
		{EFE48841-A2EE-4BC9-B83B-ED652A71E264}.Debug|Any CPU.Build.0 = Debug|Any CPU
		{EFE48841-A2EE-4BC9-B83B-ED652A71E264}.Release|Any CPU.ActiveCfg = Release|Any CPU
		{EFE48841-A2EE-4BC9-B83B-ED652A71E264}.Release|Any CPU.Build.0 = Release|Any CPU
		{401308EA-90A6-477C-BFE4-3515183C099C}.Debug|Any CPU.ActiveCfg = Debug|Any CPU
		{401308EA-90A6-477C-BFE4-3515183C099C}.Debug|Any CPU.Build.0 = Debug|Any CPU
		{401308EA-90A6-477C-BFE4-3515183C099C}.Release|Any CPU.ActiveCfg = Release|Any CPU
		{401308EA-90A6-477C-BFE4-3515183C099C}.Release|Any CPU.Build.0 = Release|Any CPU
		{E5501A2A-9685-4783-BF73-9CEC03DE6538}.Debug|Any CPU.ActiveCfg = Debug|Any CPU
		{E5501A2A-9685-4783-BF73-9CEC03DE6538}.Debug|Any CPU.Build.0 = Debug|Any CPU
		{E5501A2A-9685-4783-BF73-9CEC03DE6538}.Release|Any CPU.ActiveCfg = Release|Any CPU
		{E5501A2A-9685-4783-BF73-9CEC03DE6538}.Release|Any CPU.Build.0 = Release|Any CPU
	EndGlobalSection
	GlobalSection(SolutionProperties) = preSolution
		HideSolutionNode = FALSE
	EndGlobalSection
	GlobalSection(ExtensibilityGlobals) = postSolution
		SolutionGuid = {52797B84-3845-48F4-8D3A-F2256E6BA2F6}
	EndGlobalSection
EndGlobal
